// !$*UTF8*$!
{
	archiveVersion = 1;
	classes = {
	};
	objectVersion = 56;
	objects = {

/* Begin PBXBuildFile section */
		444146C22BE4E2DF00CD0C71 /* TodoListCell.swift in Sources */ = {isa = PBXBuildFile; fileRef = 444146C02BE4E2DF00CD0C71 /* TodoListCell.swift */; };
		444146C32BE4E2DF00CD0C71 /* TodoListCell.xib in Resources */ = {isa = PBXBuildFile; fileRef = 444146C12BE4E2DF00CD0C71 /* TodoListCell.xib */; };
		444146CC2BE4F64400CD0C71 /* TodoListItemCell.swift in Sources */ = {isa = PBXBuildFile; fileRef = 444146CA2BE4F64400CD0C71 /* TodoListItemCell.swift */; };
		444146CD2BE4F64400CD0C71 /* TodoListItemCell.xib in Resources */ = {isa = PBXBuildFile; fileRef = 444146CB2BE4F64400CD0C71 /* TodoListItemCell.xib */; };
		444146D92BE962B900CD0C71 /* AddListViewController.swift in Sources */ = {isa = PBXBuildFile; fileRef = 444146D82BE962B900CD0C71 /* AddListViewController.swift */; };
		444146DE2BEABB1900CD0C71 /* AddTodoListColorPickerCell.xib in Resources */ = {isa = PBXBuildFile; fileRef = 444146DD2BEABB1900CD0C71 /* AddTodoListColorPickerCell.xib */; };
		444146DF2BEABB1900CD0C71 /* AddTodoListColorPickerCell.swift in Sources */ = {isa = PBXBuildFile; fileRef = 444146DC2BEABB1900CD0C71 /* AddTodoListColorPickerCell.swift */; };
		444146E32BEABF5500CD0C71 /* ColorOptionCell.xib in Resources */ = {isa = PBXBuildFile; fileRef = 444146E22BEABF5500CD0C71 /* ColorOptionCell.xib */; };
		444146E42BEABF5500CD0C71 /* ColorOptionCell.swift in Sources */ = {isa = PBXBuildFile; fileRef = 444146E12BEABF5500CD0C71 /* ColorOptionCell.swift */; };
		444146E82BED61C500CD0C71 /* AddTodoListIconPickerCell.xib in Resources */ = {isa = PBXBuildFile; fileRef = 444146E72BED61C500CD0C71 /* AddTodoListIconPickerCell.xib */; };
		444146E92BED61C500CD0C71 /* AddTodoListIconPickerCell.swift in Sources */ = {isa = PBXBuildFile; fileRef = 444146E62BED61C500CD0C71 /* AddTodoListIconPickerCell.swift */; };
		444146ED2BED63A600CD0C71 /* IconOptionCell.xib in Resources */ = {isa = PBXBuildFile; fileRef = 444146EC2BED63A600CD0C71 /* IconOptionCell.xib */; };
		444146EE2BED63A600CD0C71 /* IconOptionCell.swift in Sources */ = {isa = PBXBuildFile; fileRef = 444146EB2BED63A600CD0C71 /* IconOptionCell.swift */; };
		444146F12BED680A00CD0C71 /* UIColor+hex.swift in Sources */ = {isa = PBXBuildFile; fileRef = 444146F02BED680A00CD0C71 /* UIColor+hex.swift */; };
		444146F32BF28CB900CD0C71 /* UIView+CornerRadius.swift in Sources */ = {isa = PBXBuildFile; fileRef = 444146F22BF28CB900CD0C71 /* UIView+CornerRadius.swift */; };
		449A8AEB2BE2DC9A00034A9A /* AppDelegate.swift in Sources */ = {isa = PBXBuildFile; fileRef = 449A8AEA2BE2DC9A00034A9A /* AppDelegate.swift */; };
		449A8AED2BE2DC9A00034A9A /* SceneDelegate.swift in Sources */ = {isa = PBXBuildFile; fileRef = 449A8AEC2BE2DC9A00034A9A /* SceneDelegate.swift */; };
		449A8AF22BE2DC9A00034A9A /* Base in Resources */ = {isa = PBXBuildFile; fileRef = 449A8AF12BE2DC9A00034A9A /* Base */; };
		449A8AF42BE2DC9C00034A9A /* Assets.xcassets in Resources */ = {isa = PBXBuildFile; fileRef = 449A8AF32BE2DC9C00034A9A /* Assets.xcassets */; };
		449A8AF72BE2DC9C00034A9A /* Base in Resources */ = {isa = PBXBuildFile; fileRef = 449A8AF62BE2DC9C00034A9A /* Base */; };
		449A8AFF2BE2DDC400034A9A /* MyTodosViewController.swift in Sources */ = {isa = PBXBuildFile; fileRef = 449A8AFE2BE2DDC400034A9A /* MyTodosViewController.swift */; };
		449A8B012BE2E6F000034A9A /* TodoListViewController.swift in Sources */ = {isa = PBXBuildFile; fileRef = 449A8B002BE2E6F000034A9A /* TodoListViewController.swift */; };
/* End PBXBuildFile section */

/* Begin PBXFileReference section */
		444146C02BE4E2DF00CD0C71 /* TodoListCell.swift */ = {isa = PBXFileReference; lastKnownFileType = sourcecode.swift; path = TodoListCell.swift; sourceTree = "<group>"; };
		444146C12BE4E2DF00CD0C71 /* TodoListCell.xib */ = {isa = PBXFileReference; lastKnownFileType = file.xib; path = TodoListCell.xib; sourceTree = "<group>"; };
		444146CA2BE4F64400CD0C71 /* TodoListItemCell.swift */ = {isa = PBXFileReference; lastKnownFileType = sourcecode.swift; path = TodoListItemCell.swift; sourceTree = "<group>"; };
		444146CB2BE4F64400CD0C71 /* TodoListItemCell.xib */ = {isa = PBXFileReference; lastKnownFileType = file.xib; path = TodoListItemCell.xib; sourceTree = "<group>"; };
		444146D82BE962B900CD0C71 /* AddListViewController.swift */ = {isa = PBXFileReference; lastKnownFileType = sourcecode.swift; path = AddListViewController.swift; sourceTree = "<group>"; };
		444146DC2BEABB1900CD0C71 /* AddTodoListColorPickerCell.swift */ = {isa = PBXFileReference; lastKnownFileType = sourcecode.swift; path = AddTodoListColorPickerCell.swift; sourceTree = "<group>"; };
		444146DD2BEABB1900CD0C71 /* AddTodoListColorPickerCell.xib */ = {isa = PBXFileReference; lastKnownFileType = file.xib; path = AddTodoListColorPickerCell.xib; sourceTree = "<group>"; };
		444146E12BEABF5500CD0C71 /* ColorOptionCell.swift */ = {isa = PBXFileReference; lastKnownFileType = sourcecode.swift; path = ColorOptionCell.swift; sourceTree = "<group>"; };
		444146E22BEABF5500CD0C71 /* ColorOptionCell.xib */ = {isa = PBXFileReference; lastKnownFileType = file.xib; path = ColorOptionCell.xib; sourceTree = "<group>"; };
		444146E62BED61C500CD0C71 /* AddTodoListIconPickerCell.swift */ = {isa = PBXFileReference; lastKnownFileType = sourcecode.swift; path = AddTodoListIconPickerCell.swift; sourceTree = "<group>"; };
		444146E72BED61C500CD0C71 /* AddTodoListIconPickerCell.xib */ = {isa = PBXFileReference; lastKnownFileType = file.xib; path = AddTodoListIconPickerCell.xib; sourceTree = "<group>"; };
		444146EB2BED63A600CD0C71 /* IconOptionCell.swift */ = {isa = PBXFileReference; lastKnownFileType = sourcecode.swift; path = IconOptionCell.swift; sourceTree = "<group>"; };
		444146EC2BED63A600CD0C71 /* IconOptionCell.xib */ = {isa = PBXFileReference; lastKnownFileType = file.xib; path = IconOptionCell.xib; sourceTree = "<group>"; };
		444146F02BED680A00CD0C71 /* UIColor+hex.swift */ = {isa = PBXFileReference; lastKnownFileType = sourcecode.swift; path = "UIColor+hex.swift"; sourceTree = "<group>"; };
		444146F22BF28CB900CD0C71 /* UIView+CornerRadius.swift */ = {isa = PBXFileReference; lastKnownFileType = sourcecode.swift; path = "UIView+CornerRadius.swift"; sourceTree = "<group>"; };
		449A8AE72BE2DC9A00034A9A /* Todos.app */ = {isa = PBXFileReference; explicitFileType = wrapper.application; includeInIndex = 0; path = Todos.app; sourceTree = BUILT_PRODUCTS_DIR; };
		449A8AEA2BE2DC9A00034A9A /* AppDelegate.swift */ = {isa = PBXFileReference; lastKnownFileType = sourcecode.swift; path = AppDelegate.swift; sourceTree = "<group>"; };
		449A8AEC2BE2DC9A00034A9A /* SceneDelegate.swift */ = {isa = PBXFileReference; lastKnownFileType = sourcecode.swift; path = SceneDelegate.swift; sourceTree = "<group>"; };
		449A8AF12BE2DC9A00034A9A /* Base */ = {isa = PBXFileReference; lastKnownFileType = file.storyboard; name = Base; path = Base.lproj/Main.storyboard; sourceTree = "<group>"; };
		449A8AF32BE2DC9C00034A9A /* Assets.xcassets */ = {isa = PBXFileReference; lastKnownFileType = folder.assetcatalog; path = Assets.xcassets; sourceTree = "<group>"; };
		449A8AF62BE2DC9C00034A9A /* Base */ = {isa = PBXFileReference; lastKnownFileType = file.storyboard; name = Base; path = Base.lproj/LaunchScreen.storyboard; sourceTree = "<group>"; };
		449A8AF82BE2DC9C00034A9A /* Info.plist */ = {isa = PBXFileReference; lastKnownFileType = text.plist.xml; path = Info.plist; sourceTree = "<group>"; };
		449A8AFE2BE2DDC400034A9A /* MyTodosViewController.swift */ = {isa = PBXFileReference; lastKnownFileType = sourcecode.swift; path = MyTodosViewController.swift; sourceTree = "<group>"; };
		449A8B002BE2E6F000034A9A /* TodoListViewController.swift */ = {isa = PBXFileReference; lastKnownFileType = sourcecode.swift; path = TodoListViewController.swift; sourceTree = "<group>"; };
/* End PBXFileReference section */

/* Begin PBXFrameworksBuildPhase section */
		449A8AE42BE2DC9A00034A9A /* Frameworks */ = {
			isa = PBXFrameworksBuildPhase;
			buildActionMask = 2147483647;
			files = (
			);
			runOnlyForDeploymentPostprocessing = 0;
		};
/* End PBXFrameworksBuildPhase section */

/* Begin PBXGroup section */
		444146BF2BE4E28F00CD0C71 /* TodoListCell */ = {
			isa = PBXGroup;
			children = (
				444146C02BE4E2DF00CD0C71 /* TodoListCell.swift */,
				444146C12BE4E2DF00CD0C71 /* TodoListCell.xib */,
			);
			path = TodoListCell;
			sourceTree = "<group>";
		};
		444146C92BE4F60500CD0C71 /* TodoListItemCell */ = {
			isa = PBXGroup;
			children = (
				444146CA2BE4F64400CD0C71 /* TodoListItemCell.swift */,
				444146CB2BE4F64400CD0C71 /* TodoListItemCell.xib */,
			);
			path = TodoListItemCell;
			sourceTree = "<group>";
		};
		444146D52BE960B600CD0C71 /* MyTodos */ = {
			isa = PBXGroup;
			children = (
				444146BF2BE4E28F00CD0C71 /* TodoListCell */,
				449A8AFE2BE2DDC400034A9A /* MyTodosViewController.swift */,
			);
			path = MyTodos;
			sourceTree = "<group>";
		};
		444146D62BE9625F00CD0C71 /* TodoList */ = {
			isa = PBXGroup;
			children = (
				444146C92BE4F60500CD0C71 /* TodoListItemCell */,
				449A8B002BE2E6F000034A9A /* TodoListViewController.swift */,
			);
			path = TodoList;
			sourceTree = "<group>";
		};
		444146D72BE9628A00CD0C71 /* AddList */ = {
			isa = PBXGroup;
			children = (
				444146E52BED616E00CD0C71 /* AddTodoListIconPickerCell */,
				444146DB2BEABA7800CD0C71 /* AddTodoListColorPickerCell */,
				444146D82BE962B900CD0C71 /* AddListViewController.swift */,
			);
			path = AddList;
			sourceTree = "<group>";
		};
		444146DB2BEABA7800CD0C71 /* AddTodoListColorPickerCell */ = {
			isa = PBXGroup;
			children = (
				444146E02BEABEA200CD0C71 /* ColorOptionCell */,
				444146DC2BEABB1900CD0C71 /* AddTodoListColorPickerCell.swift */,
				444146DD2BEABB1900CD0C71 /* AddTodoListColorPickerCell.xib */,
			);
			path = AddTodoListColorPickerCell;
			sourceTree = "<group>";
		};
		444146E02BEABEA200CD0C71 /* ColorOptionCell */ = {
			isa = PBXGroup;
			children = (
				444146E12BEABF5500CD0C71 /* ColorOptionCell.swift */,
				444146E22BEABF5500CD0C71 /* ColorOptionCell.xib */,
			);
			path = ColorOptionCell;
			sourceTree = "<group>";
		};
		444146E52BED616E00CD0C71 /* AddTodoListIconPickerCell */ = {
			isa = PBXGroup;
			children = (
				444146EA2BED634300CD0C71 /* IconOptionCell */,
				444146E62BED61C500CD0C71 /* AddTodoListIconPickerCell.swift */,
				444146E72BED61C500CD0C71 /* AddTodoListIconPickerCell.xib */,
			);
			path = AddTodoListIconPickerCell;
			sourceTree = "<group>";
		};
		444146EA2BED634300CD0C71 /* IconOptionCell */ = {
			isa = PBXGroup;
			children = (
				444146EB2BED63A600CD0C71 /* IconOptionCell.swift */,
				444146EC2BED63A600CD0C71 /* IconOptionCell.xib */,
			);
			path = IconOptionCell;
			sourceTree = "<group>";
		};
		444146EF2BED67DD00CD0C71 /* Util */ = {
			isa = PBXGroup;
			children = (
				444146F02BED680A00CD0C71 /* UIColor+hex.swift */,
				444146F22BF28CB900CD0C71 /* UIView+CornerRadius.swift */,
			);
			path = Util;
			sourceTree = "<group>";
		};
		449A8ADE2BE2DC9A00034A9A = {
			isa = PBXGroup;
			children = (
				449A8AE92BE2DC9A00034A9A /* Todos */,
				449A8AE82BE2DC9A00034A9A /* Products */,
			);
			sourceTree = "<group>";
		};
		449A8AE82BE2DC9A00034A9A /* Products */ = {
			isa = PBXGroup;
			children = (
				449A8AE72BE2DC9A00034A9A /* Todos.app */,
			);
			name = Products;
			sourceTree = "<group>";
		};
		449A8AE92BE2DC9A00034A9A /* Todos */ = {
			isa = PBXGroup;
			children = (
				444146EF2BED67DD00CD0C71 /* Util */,
				444146D72BE9628A00CD0C71 /* AddList */,
				444146D62BE9625F00CD0C71 /* TodoList */,
				444146D52BE960B600CD0C71 /* MyTodos */,
				449A8AEA2BE2DC9A00034A9A /* AppDelegate.swift */,
				449A8AEC2BE2DC9A00034A9A /* SceneDelegate.swift */,
				449A8AF02BE2DC9A00034A9A /* Main.storyboard */,
				449A8AF32BE2DC9C00034A9A /* Assets.xcassets */,
				449A8AF52BE2DC9C00034A9A /* LaunchScreen.storyboard */,
				449A8AF82BE2DC9C00034A9A /* Info.plist */,
			);
			path = Todos;
			sourceTree = "<group>";
		};
/* End PBXGroup section */

/* Begin PBXNativeTarget section */
		449A8AE62BE2DC9A00034A9A /* Todos */ = {
			isa = PBXNativeTarget;
			buildConfigurationList = 449A8AFB2BE2DC9C00034A9A /* Build configuration list for PBXNativeTarget "Todos" */;
			buildPhases = (
				449A8AE32BE2DC9A00034A9A /* Sources */,
				449A8AE42BE2DC9A00034A9A /* Frameworks */,
				449A8AE52BE2DC9A00034A9A /* Resources */,
			);
			buildRules = (
			);
			dependencies = (
			);
			name = Todos;
			productName = "Todo List";
			productReference = 449A8AE72BE2DC9A00034A9A /* Todos.app */;
			productType = "com.apple.product-type.application";
		};
/* End PBXNativeTarget section */

/* Begin PBXProject section */
		449A8ADF2BE2DC9A00034A9A /* Project object */ = {
			isa = PBXProject;
			attributes = {
				BuildIndependentTargetsInParallel = 1;
				LastSwiftUpdateCheck = 1530;
				LastUpgradeCheck = 1530;
				TargetAttributes = {
					449A8AE62BE2DC9A00034A9A = {
						CreatedOnToolsVersion = 15.3;
					};
				};
			};
			buildConfigurationList = 449A8AE22BE2DC9A00034A9A /* Build configuration list for PBXProject "Todos" */;
			compatibilityVersion = "Xcode 14.0";
			developmentRegion = en;
			hasScannedForEncodings = 0;
			knownRegions = (
				en,
				Base,
			);
			mainGroup = 449A8ADE2BE2DC9A00034A9A;
			productRefGroup = 449A8AE82BE2DC9A00034A9A /* Products */;
			projectDirPath = "";
			projectRoot = "";
			targets = (
				449A8AE62BE2DC9A00034A9A /* Todos */,
			);
		};
/* End PBXProject section */

/* Begin PBXResourcesBuildPhase section */
		449A8AE52BE2DC9A00034A9A /* Resources */ = {
			isa = PBXResourcesBuildPhase;
			buildActionMask = 2147483647;
			files = (
				444146E82BED61C500CD0C71 /* AddTodoListIconPickerCell.xib in Resources */,
				449A8AF42BE2DC9C00034A9A /* Assets.xcassets in Resources */,
				449A8AF72BE2DC9C00034A9A /* Base in Resources */,
				449A8AF22BE2DC9A00034A9A /* Base in Resources */,
				444146ED2BED63A600CD0C71 /* IconOptionCell.xib in Resources */,
				444146E32BEABF5500CD0C71 /* ColorOptionCell.xib in Resources */,
				444146DE2BEABB1900CD0C71 /* AddTodoListColorPickerCell.xib in Resources */,
				444146CD2BE4F64400CD0C71 /* TodoListItemCell.xib in Resources */,
				444146C32BE4E2DF00CD0C71 /* TodoListCell.xib in Resources */,
			);
			runOnlyForDeploymentPostprocessing = 0;
		};
/* End PBXResourcesBuildPhase section */

/* Begin PBXSourcesBuildPhase section */
		449A8AE32BE2DC9A00034A9A /* Sources */ = {
			isa = PBXSourcesBuildPhase;
			buildActionMask = 2147483647;
			files = (
				444146E92BED61C500CD0C71 /* AddTodoListIconPickerCell.swift in Sources */,
				449A8B012BE2E6F000034A9A /* TodoListViewController.swift in Sources */,
				444146C22BE4E2DF00CD0C71 /* TodoListCell.swift in Sources */,
				444146D92BE962B900CD0C71 /* AddListViewController.swift in Sources */,
				444146CC2BE4F64400CD0C71 /* TodoListItemCell.swift in Sources */,
				444146E42BEABF5500CD0C71 /* ColorOptionCell.swift in Sources */,
				449A8AFF2BE2DDC400034A9A /* MyTodosViewController.swift in Sources */,
				449A8AEB2BE2DC9A00034A9A /* AppDelegate.swift in Sources */,
				444146DF2BEABB1900CD0C71 /* AddTodoListColorPickerCell.swift in Sources */,
				444146F12BED680A00CD0C71 /* UIColor+hex.swift in Sources */,
				449A8AED2BE2DC9A00034A9A /* SceneDelegate.swift in Sources */,
				444146F32BF28CB900CD0C71 /* UIView+CornerRadius.swift in Sources */,
				444146EE2BED63A600CD0C71 /* IconOptionCell.swift in Sources */,
			);
			runOnlyForDeploymentPostprocessing = 0;
		};
/* End PBXSourcesBuildPhase section */

/* Begin PBXVariantGroup section */
		449A8AF02BE2DC9A00034A9A /* Main.storyboard */ = {
			isa = PBXVariantGroup;
			children = (
				449A8AF12BE2DC9A00034A9A /* Base */,
			);
			name = Main.storyboard;
			sourceTree = "<group>";
		};
		449A8AF52BE2DC9C00034A9A /* LaunchScreen.storyboard */ = {
			isa = PBXVariantGroup;
			children = (
				449A8AF62BE2DC9C00034A9A /* Base */,
			);
			name = LaunchScreen.storyboard;
			sourceTree = "<group>";
		};
/* End PBXVariantGroup section */

/* Begin XCBuildConfiguration section */
		449A8AF92BE2DC9C00034A9A /* Debug */ = {
			isa = XCBuildConfiguration;
			buildSettings = {
				ALWAYS_SEARCH_USER_PATHS = NO;
				ASSETCATALOG_COMPILER_GENERATE_SWIFT_ASSET_SYMBOL_EXTENSIONS = YES;
				CLANG_ANALYZER_NONNULL = YES;
				CLANG_ANALYZER_NUMBER_OBJECT_CONVERSION = YES_AGGRESSIVE;
				CLANG_CXX_LANGUAGE_STANDARD = "gnu++20";
				CLANG_ENABLE_MODULES = YES;
				CLANG_ENABLE_OBJC_ARC = YES;
				CLANG_ENABLE_OBJC_WEAK = YES;
				CLANG_WARN_BLOCK_CAPTURE_AUTORELEASING = YES;
				CLANG_WARN_BOOL_CONVERSION = YES;
				CLANG_WARN_COMMA = YES;
				CLANG_WARN_CONSTANT_CONVERSION = YES;
				CLANG_WARN_DEPRECATED_OBJC_IMPLEMENTATIONS = YES;
				CLANG_WARN_DIRECT_OBJC_ISA_USAGE = YES_ERROR;
				CLANG_WARN_DOCUMENTATION_COMMENTS = YES;
				CLANG_WARN_EMPTY_BODY = YES;
				CLANG_WARN_ENUM_CONVERSION = YES;
				CLANG_WARN_INFINITE_RECURSION = YES;
				CLANG_WARN_INT_CONVERSION = YES;
				CLANG_WARN_NON_LITERAL_NULL_CONVERSION = YES;
				CLANG_WARN_OBJC_IMPLICIT_RETAIN_SELF = YES;
				CLANG_WARN_OBJC_LITERAL_CONVERSION = YES;
				CLANG_WARN_OBJC_ROOT_CLASS = YES_ERROR;
				CLANG_WARN_QUOTED_INCLUDE_IN_FRAMEWORK_HEADER = YES;
				CLANG_WARN_RANGE_LOOP_ANALYSIS = YES;
				CLANG_WARN_STRICT_PROTOTYPES = YES;
				CLANG_WARN_SUSPICIOUS_MOVE = YES;
				CLANG_WARN_UNGUARDED_AVAILABILITY = YES_AGGRESSIVE;
				CLANG_WARN_UNREACHABLE_CODE = YES;
				CLANG_WARN__DUPLICATE_METHOD_MATCH = YES;
				COPY_PHASE_STRIP = NO;
				DEBUG_INFORMATION_FORMAT = dwarf;
				ENABLE_STRICT_OBJC_MSGSEND = YES;
				ENABLE_TESTABILITY = YES;
				ENABLE_USER_SCRIPT_SANDBOXING = YES;
				GCC_C_LANGUAGE_STANDARD = gnu17;
				GCC_DYNAMIC_NO_PIC = NO;
				GCC_NO_COMMON_BLOCKS = YES;
				GCC_OPTIMIZATION_LEVEL = 0;
				GCC_PREPROCESSOR_DEFINITIONS = (
					"DEBUG=1",
					"$(inherited)",
				);
				GCC_WARN_64_TO_32_BIT_CONVERSION = YES;
				GCC_WARN_ABOUT_RETURN_TYPE = YES_ERROR;
				GCC_WARN_UNDECLARED_SELECTOR = YES;
				GCC_WARN_UNINITIALIZED_AUTOS = YES_AGGRESSIVE;
				GCC_WARN_UNUSED_FUNCTION = YES;
				GCC_WARN_UNUSED_VARIABLE = YES;
				IPHONEOS_DEPLOYMENT_TARGET = 17.4;
				LOCALIZATION_PREFERS_STRING_CATALOGS = YES;
				MTL_ENABLE_DEBUG_INFO = INCLUDE_SOURCE;
				MTL_FAST_MATH = YES;
				ONLY_ACTIVE_ARCH = YES;
				SDKROOT = iphoneos;
				SWIFT_ACTIVE_COMPILATION_CONDITIONS = "DEBUG $(inherited)";
				SWIFT_OPTIMIZATION_LEVEL = "-Onone";
			};
			name = Debug;
		};
		449A8AFA2BE2DC9C00034A9A /* Release */ = {
			isa = XCBuildConfiguration;
			buildSettings = {
				ALWAYS_SEARCH_USER_PATHS = NO;
				ASSETCATALOG_COMPILER_GENERATE_SWIFT_ASSET_SYMBOL_EXTENSIONS = YES;
				CLANG_ANALYZER_NONNULL = YES;
				CLANG_ANALYZER_NUMBER_OBJECT_CONVERSION = YES_AGGRESSIVE;
				CLANG_CXX_LANGUAGE_STANDARD = "gnu++20";
				CLANG_ENABLE_MODULES = YES;
				CLANG_ENABLE_OBJC_ARC = YES;
				CLANG_ENABLE_OBJC_WEAK = YES;
				CLANG_WARN_BLOCK_CAPTURE_AUTORELEASING = YES;
				CLANG_WARN_BOOL_CONVERSION = YES;
				CLANG_WARN_COMMA = YES;
				CLANG_WARN_CONSTANT_CONVERSION = YES;
				CLANG_WARN_DEPRECATED_OBJC_IMPLEMENTATIONS = YES;
				CLANG_WARN_DIRECT_OBJC_ISA_USAGE = YES_ERROR;
				CLANG_WARN_DOCUMENTATION_COMMENTS = YES;
				CLANG_WARN_EMPTY_BODY = YES;
				CLANG_WARN_ENUM_CONVERSION = YES;
				CLANG_WARN_INFINITE_RECURSION = YES;
				CLANG_WARN_INT_CONVERSION = YES;
				CLANG_WARN_NON_LITERAL_NULL_CONVERSION = YES;
				CLANG_WARN_OBJC_IMPLICIT_RETAIN_SELF = YES;
				CLANG_WARN_OBJC_LITERAL_CONVERSION = YES;
				CLANG_WARN_OBJC_ROOT_CLASS = YES_ERROR;
				CLANG_WARN_QUOTED_INCLUDE_IN_FRAMEWORK_HEADER = YES;
				CLANG_WARN_RANGE_LOOP_ANALYSIS = YES;
				CLANG_WARN_STRICT_PROTOTYPES = YES;
				CLANG_WARN_SUSPICIOUS_MOVE = YES;
				CLANG_WARN_UNGUARDED_AVAILABILITY = YES_AGGRESSIVE;
				CLANG_WARN_UNREACHABLE_CODE = YES;
				CLANG_WARN__DUPLICATE_METHOD_MATCH = YES;
				COPY_PHASE_STRIP = NO;
				DEBUG_INFORMATION_FORMAT = "dwarf-with-dsym";
				ENABLE_NS_ASSERTIONS = NO;
				ENABLE_STRICT_OBJC_MSGSEND = YES;
				ENABLE_USER_SCRIPT_SANDBOXING = YES;
				GCC_C_LANGUAGE_STANDARD = gnu17;
				GCC_NO_COMMON_BLOCKS = YES;
				GCC_WARN_64_TO_32_BIT_CONVERSION = YES;
				GCC_WARN_ABOUT_RETURN_TYPE = YES_ERROR;
				GCC_WARN_UNDECLARED_SELECTOR = YES;
				GCC_WARN_UNINITIALIZED_AUTOS = YES_AGGRESSIVE;
				GCC_WARN_UNUSED_FUNCTION = YES;
				GCC_WARN_UNUSED_VARIABLE = YES;
				IPHONEOS_DEPLOYMENT_TARGET = 17.4;
				LOCALIZATION_PREFERS_STRING_CATALOGS = YES;
				MTL_ENABLE_DEBUG_INFO = NO;
				MTL_FAST_MATH = YES;
				SDKROOT = iphoneos;
				SWIFT_COMPILATION_MODE = wholemodule;
				VALIDATE_PRODUCT = YES;
			};
			name = Release;
		};
		449A8AFC2BE2DC9C00034A9A /* Debug */ = {
			isa = XCBuildConfiguration;
			buildSettings = {
				ASSETCATALOG_COMPILER_APPICON_NAME = AppIcon;
				ASSETCATALOG_COMPILER_GLOBAL_ACCENT_COLOR_NAME = AccentColor;
				CODE_SIGN_IDENTITY = "Apple Development";
				CODE_SIGN_STYLE = Automatic;
				CURRENT_PROJECT_VERSION = 1;
				DEVELOPMENT_TEAM = "";
				GENERATE_INFOPLIST_FILE = YES;
				INFOPLIST_FILE = Todos/Info.plist;
				INFOPLIST_KEY_UIApplicationSupportsIndirectInputEvents = YES;
				INFOPLIST_KEY_UILaunchStoryboardName = LaunchScreen;
				INFOPLIST_KEY_UIMainStoryboardFile = Main;
				INFOPLIST_KEY_UISupportedInterfaceOrientations_iPad = "UIInterfaceOrientationPortrait UIInterfaceOrientationPortraitUpsideDown UIInterfaceOrientationLandscapeLeft UIInterfaceOrientationLandscapeRight";
				INFOPLIST_KEY_UISupportedInterfaceOrientations_iPhone = "UIInterfaceOrientationPortrait UIInterfaceOrientationLandscapeLeft UIInterfaceOrientationLandscapeRight";
				IPHONEOS_DEPLOYMENT_TARGET = 17.3;
				LD_RUNPATH_SEARCH_PATHS = (
					"$(inherited)",
					"@executable_path/Frameworks",
				);
				MARKETING_VERSION = 1.0;
				PRODUCT_BUNDLE_IDENTIFIER = "Eugene.Todo-List";
				PRODUCT_NAME = "$(TARGET_NAME)";
				PROVISIONING_PROFILE_SPECIFIER = "";
				SWIFT_EMIT_LOC_STRINGS = YES;
				SWIFT_VERSION = 5.0;
				TARGETED_DEVICE_FAMILY = "1,2";
			};
			name = Debug;
		};
		449A8AFD2BE2DC9C00034A9A /* Release */ = {
			isa = XCBuildConfiguration;
			buildSettings = {
				ASSETCATALOG_COMPILER_APPICON_NAME = AppIcon;
				ASSETCATALOG_COMPILER_GLOBAL_ACCENT_COLOR_NAME = AccentColor;
				CODE_SIGN_IDENTITY = "Apple Development";
				CODE_SIGN_STYLE = Automatic;
				CURRENT_PROJECT_VERSION = 1;
				DEVELOPMENT_TEAM = "";
				GENERATE_INFOPLIST_FILE = YES;
				INFOPLIST_FILE = Todos/Info.plist;
				INFOPLIST_KEY_UIApplicationSupportsIndirectInputEvents = YES;
				INFOPLIST_KEY_UILaunchStoryboardName = LaunchScreen;
				INFOPLIST_KEY_UIMainStoryboardFile = Main;
				INFOPLIST_KEY_UISupportedInterfaceOrientations_iPad = "UIInterfaceOrientationPortrait UIInterfaceOrientationPortraitUpsideDown UIInterfaceOrientationLandscapeLeft UIInterfaceOrientationLandscapeRight";
				INFOPLIST_KEY_UISupportedInterfaceOrientations_iPhone = "UIInterfaceOrientationPortrait UIInterfaceOrientationLandscapeLeft UIInterfaceOrientationLandscapeRight";
				IPHONEOS_DEPLOYMENT_TARGET = 17.3;
				LD_RUNPATH_SEARCH_PATHS = (
					"$(inherited)",
					"@executable_path/Frameworks",
				);
				MARKETING_VERSION = 1.0;
				PRODUCT_BUNDLE_IDENTIFIER = "Eugene.Todo-List";
				PRODUCT_NAME = "$(TARGET_NAME)";
				PROVISIONING_PROFILE_SPECIFIER = "";
				SWIFT_EMIT_LOC_STRINGS = YES;
				SWIFT_VERSION = 5.0;
				TARGETED_DEVICE_FAMILY = "1,2";
			};
			name = Release;
		};
/* End XCBuildConfiguration section */

/* Begin XCConfigurationList section */
		449A8AE22BE2DC9A00034A9A /* Build configuration list for PBXProject "Todos" */ = {
			isa = XCConfigurationList;
			buildConfigurations = (
				449A8AF92BE2DC9C00034A9A /* Debug */,
				449A8AFA2BE2DC9C00034A9A /* Release */,
			);
			defaultConfigurationIsVisible = 0;
			defaultConfigurationName = Release;
		};
		449A8AFB2BE2DC9C00034A9A /* Build configuration list for PBXNativeTarget "Todos" */ = {
			isa = XCConfigurationList;
			buildConfigurations = (
				449A8AFC2BE2DC9C00034A9A /* Debug */,
				449A8AFD2BE2DC9C00034A9A /* Release */,
			);
			defaultConfigurationIsVisible = 0;
			defaultConfigurationName = Release;
		};
/* End XCConfigurationList section */
	};
	rootObject = 449A8ADF2BE2DC9A00034A9A /* Project object */;
}
